
Microsoft Visual Studio Solution File, Format Version 12.00
# Visual Studio Version 17
VisualStudioVersion = 17.9.34622.214
MinimumVisualStudioVersion = 10.0.40219.1
Project("{2150E333-8FDC-42A3-9474-1A3956D46DE8}") = "src", "src", "{610D3B87-A10C-4836-8DE3-C2DA27C9A8AF}"
EndProject
Project("{2150E333-8FDC-42A3-9474-1A3956D46DE8}") = "Building Blocks", "Building Blocks", "{535254D3-E785-44AD-9E73-2FB4EFBFF566}"
EndProject
Project("{2150E333-8FDC-42A3-9474-1A3956D46DE8}") = "Services", "Services", "{CC1AAD15-0DC3-4279-827B-DABCFAB61DDE}"
EndProject
Project("{2150E333-8FDC-42A3-9474-1A3956D46DE8}") = "Web", "Web", "{C8053486-224A-4DE2-BB4E-5C97CA91D490}"
EndProject
Project("{9A19103F-16F7-4668-BE54-9A1E7A4F7556}") = "NSE.Identidade.API", "src\services\NSE.Identidade.API\NSE.Identidade.API.csproj", "{0C74D7A7-76C1-40A7-9FA2-2EA523AC0ACE}"
EndProject
Project("{2150E333-8FDC-42A3-9474-1A3956D46DE8}") = "MVC", "MVC", "{9D809819-D7C3-4C0B-B1AB-3DF30D768154}"
EndProject
Project("{9A19103F-16F7-4668-BE54-9A1E7A4F7556}") = "NSE.WebApp.MVC", "src\web\NSE.WebApp.MVC\NSE.WebApp.MVC.csproj", "{DAA32028-1871-4F7F-9E99-E6951EC338E9}"
EndProject
Project("{2150E333-8FDC-42A3-9474-1A3956D46DE8}") = "Core", "Core", "{B72A793F-9E35-4C2D-9AF5-10A5A4384C84}"
EndProject
Project("{2150E333-8FDC-42A3-9474-1A3956D46DE8}") = "Identidade", "Identidade", "{07B1EACC-FF25-43AA-B13A-62D683561739}"
EndProject
Project("{2150E333-8FDC-42A3-9474-1A3956D46DE8}") = "Carrinho", "Carrinho", "{67D75F65-84D1-43C1-B56C-43C78B4FF376}"
EndProject
Project("{2150E333-8FDC-42A3-9474-1A3956D46DE8}") = "Catalogo", "Catalogo", "{4AB3D222-370F-42F7-B456-D0C9AE1D2793}"
EndProject
Project("{2150E333-8FDC-42A3-9474-1A3956D46DE8}") = "Cliente", "Cliente", "{C8968B49-B993-492D-AC38-4FD57D4FC209}"
EndProject
Project("{2150E333-8FDC-42A3-9474-1A3956D46DE8}") = "Pagamento", "Pagamento", "{A41225FB-007F-4F4D-89C1-DDD2D3943CEE}"
EndProject
Project("{2150E333-8FDC-42A3-9474-1A3956D46DE8}") = "Pedido", "Pedido", "{BAB8C504-FA43-4656-9AAE-15A3A9DD6F06}"
EndProject
Project("{9A19103F-16F7-4668-BE54-9A1E7A4F7556}") = "NSE.Carrinho.API", "src\services\NSE.Carrinho.API\NSE.Carrinho.API.csproj", "{CA064A21-10D7-425C-A7E6-07947AF4AE18}"
EndProject
Project("{9A19103F-16F7-4668-BE54-9A1E7A4F7556}") = "NSE.Catalogo.API", "src\services\NSE.Catalogo.API\NSE.Catalogo.API.csproj", "{D9F6975F-5768-4F2F-9B2B-D012B1A69952}"
EndProject
Project("{9A19103F-16F7-4668-BE54-9A1E7A4F7556}") = "NSE.Core", "src\building blocks\NSE.Core\NSE.Core.csproj", "{391B62DB-B31F-4442-93E6-A0BA865E79A0}"
EndProject
Project("{FAE04EC0-301F-11D3-BF4B-00C04F79EFBC}") = "NSE.Cliente.API", "src\services\NSE.Cliente.API\NSE.Cliente.API.csproj", "{234A8174-8EC9-41D9-87E4-6DCA923C3B55}"
EndProject
Project("{FAE04EC0-301F-11D3-BF4B-00C04F79EFBC}") = "NSE.Pagamento.API", "src\services\NSE.Pagamento.API\NSE.Pagamento.API.csproj", "{94C232E1-7A4B-4F99-8105-F9C8D52AFDEF}"
EndProject
Project("{FAE04EC0-301F-11D3-BF4B-00C04F79EFBC}") = "NSE.Pedido.API", "src\services\NSE.Pedido.API\NSE.Pedido.API.csproj", "{E8AC47DF-9B10-4A54-9CBA-70639DE98E96}"
EndProject
Global
	GlobalSection(SolutionConfigurationPlatforms) = preSolution
		Debug|Any CPU = Debug|Any CPU
		Release|Any CPU = Release|Any CPU
	EndGlobalSection
	GlobalSection(ProjectConfigurationPlatforms) = postSolution
		{0C74D7A7-76C1-40A7-9FA2-2EA523AC0ACE}.Debug|Any CPU.ActiveCfg = Debug|Any CPU
		{0C74D7A7-76C1-40A7-9FA2-2EA523AC0ACE}.Debug|Any CPU.Build.0 = Debug|Any CPU
		{0C74D7A7-76C1-40A7-9FA2-2EA523AC0ACE}.Release|Any CPU.ActiveCfg = Release|Any CPU
		{0C74D7A7-76C1-40A7-9FA2-2EA523AC0ACE}.Release|Any CPU.Build.0 = Release|Any CPU
		{DAA32028-1871-4F7F-9E99-E6951EC338E9}.Debug|Any CPU.ActiveCfg = Debug|Any CPU
		{DAA32028-1871-4F7F-9E99-E6951EC338E9}.Debug|Any CPU.Build.0 = Debug|Any CPU
		{DAA32028-1871-4F7F-9E99-E6951EC338E9}.Release|Any CPU.ActiveCfg = Release|Any CPU
		{DAA32028-1871-4F7F-9E99-E6951EC338E9}.Release|Any CPU.Build.0 = Release|Any CPU
		{CA064A21-10D7-425C-A7E6-07947AF4AE18}.Debug|Any CPU.ActiveCfg = Debug|Any CPU
		{CA064A21-10D7-425C-A7E6-07947AF4AE18}.Debug|Any CPU.Build.0 = Debug|Any CPU
		{CA064A21-10D7-425C-A7E6-07947AF4AE18}.Release|Any CPU.ActiveCfg = Release|Any CPU
		{CA064A21-10D7-425C-A7E6-07947AF4AE18}.Release|Any CPU.Build.0 = Release|Any CPU
		{D9F6975F-5768-4F2F-9B2B-D012B1A69952}.Debug|Any CPU.ActiveCfg = Debug|Any CPU
		{D9F6975F-5768-4F2F-9B2B-D012B1A69952}.Debug|Any CPU.Build.0 = Debug|Any CPU
		{D9F6975F-5768-4F2F-9B2B-D012B1A69952}.Release|Any CPU.ActiveCfg = Release|Any CPU
		{D9F6975F-5768-4F2F-9B2B-D012B1A69952}.Release|Any CPU.Build.0 = Release|Any CPU
		{391B62DB-B31F-4442-93E6-A0BA865E79A0}.Debug|Any CPU.ActiveCfg = Debug|Any CPU
		{391B62DB-B31F-4442-93E6-A0BA865E79A0}.Debug|Any CPU.Build.0 = Debug|Any CPU
		{391B62DB-B31F-4442-93E6-A0BA865E79A0}.Release|Any CPU.ActiveCfg = Release|Any CPU
		{391B62DB-B31F-4442-93E6-A0BA865E79A0}.Release|Any CPU.Build.0 = Release|Any CPU
		{234A8174-8EC9-41D9-87E4-6DCA923C3B55}.Debug|Any CPU.ActiveCfg = Debug|Any CPU
		{234A8174-8EC9-41D9-87E4-6DCA923C3B55}.Debug|Any CPU.Build.0 = Debug|Any CPU
		{234A8174-8EC9-41D9-87E4-6DCA923C3B55}.Release|Any CPU.ActiveCfg = Release|Any CPU
		{234A8174-8EC9-41D9-87E4-6DCA923C3B55}.Release|Any CPU.Build.0 = Release|Any CPU
		{94C232E1-7A4B-4F99-8105-F9C8D52AFDEF}.Debug|Any CPU.ActiveCfg = Debug|Any CPU
		{94C232E1-7A4B-4F99-8105-F9C8D52AFDEF}.Debug|Any CPU.Build.0 = Debug|Any CPU
		{94C232E1-7A4B-4F99-8105-F9C8D52AFDEF}.Release|Any CPU.ActiveCfg = Release|Any CPU
		{94C232E1-7A4B-4F99-8105-F9C8D52AFDEF}.Release|Any CPU.Build.0 = Release|Any CPU
		{E8AC47DF-9B10-4A54-9CBA-70639DE98E96}.Debug|Any CPU.ActiveCfg = Debug|Any CPU
		{E8AC47DF-9B10-4A54-9CBA-70639DE98E96}.Debug|Any CPU.Build.0 = Debug|Any CPU
		{E8AC47DF-9B10-4A54-9CBA-70639DE98E96}.Release|Any CPU.ActiveCfg = Release|Any CPU
		{E8AC47DF-9B10-4A54-9CBA-70639DE98E96}.Release|Any CPU.Build.0 = Release|Any CPU
	EndGlobalSection
	GlobalSection(SolutionProperties) = preSolution
		HideSolutionNode = FALSE
	EndGlobalSection
	GlobalSection(NestedProjects) = preSolution
		{535254D3-E785-44AD-9E73-2FB4EFBFF566} = {610D3B87-A10C-4836-8DE3-C2DA27C9A8AF}
		{CC1AAD15-0DC3-4279-827B-DABCFAB61DDE} = {610D3B87-A10C-4836-8DE3-C2DA27C9A8AF}
		{C8053486-224A-4DE2-BB4E-5C97CA91D490} = {610D3B87-A10C-4836-8DE3-C2DA27C9A8AF}
		{0C74D7A7-76C1-40A7-9FA2-2EA523AC0ACE} = {07B1EACC-FF25-43AA-B13A-62D683561739}
		{9D809819-D7C3-4C0B-B1AB-3DF30D768154} = {C8053486-224A-4DE2-BB4E-5C97CA91D490}
		{DAA32028-1871-4F7F-9E99-E6951EC338E9} = {9D809819-D7C3-4C0B-B1AB-3DF30D768154}
		{B72A793F-9E35-4C2D-9AF5-10A5A4384C84} = {535254D3-E785-44AD-9E73-2FB4EFBFF566}
		{07B1EACC-FF25-43AA-B13A-62D683561739} = {CC1AAD15-0DC3-4279-827B-DABCFAB61DDE}
		{67D75F65-84D1-43C1-B56C-43C78B4FF376} = {CC1AAD15-0DC3-4279-827B-DABCFAB61DDE}
		{4AB3D222-370F-42F7-B456-D0C9AE1D2793} = {CC1AAD15-0DC3-4279-827B-DABCFAB61DDE}
		{C8968B49-B993-492D-AC38-4FD57D4FC209} = {CC1AAD15-0DC3-4279-827B-DABCFAB61DDE}
		{A41225FB-007F-4F4D-89C1-DDD2D3943CEE} = {CC1AAD15-0DC3-4279-827B-DABCFAB61DDE}
		{BAB8C504-FA43-4656-9AAE-15A3A9DD6F06} = {CC1AAD15-0DC3-4279-827B-DABCFAB61DDE}
		{CA064A21-10D7-425C-A7E6-07947AF4AE18} = {67D75F65-84D1-43C1-B56C-43C78B4FF376}
		{D9F6975F-5768-4F2F-9B2B-D012B1A69952} = {4AB3D222-370F-42F7-B456-D0C9AE1D2793}
		{391B62DB-B31F-4442-93E6-A0BA865E79A0} = {B72A793F-9E35-4C2D-9AF5-10A5A4384C84}
		{234A8174-8EC9-41D9-87E4-6DCA923C3B55} = {C8968B49-B993-492D-AC38-4FD57D4FC209}
		{94C232E1-7A4B-4F99-8105-F9C8D52AFDEF} = {A41225FB-007F-4F4D-89C1-DDD2D3943CEE}
		{E8AC47DF-9B10-4A54-9CBA-70639DE98E96} = {BAB8C504-FA43-4656-9AAE-15A3A9DD6F06}
	EndGlobalSection
	GlobalSection(ExtensibilityGlobals) = postSolution
		SolutionGuid = {B62A985A-45DB-46D9-AFA2-9113DA13867C}
	EndGlobalSection
EndGlobal
